# This file is autogenerated, do not edit; changes may be undone by the next 'dep ensure'.


[[projects]]
  branch = "master"
  name = "github.com/samuel/go-zookeeper"
  packages = ["zk"]
  revision = "c4fab1ac1bec58281ad0667dc3f0907a9476ac47"

[[projects]]
  branch = "master"
  name = "github.com/sspencer/go-ini"
  packages = ["."]
  revision = "adb75e3175bbefff383dc457b693205e027599e4"

[[projects]]
  name = "gopkg.in/yaml.v2"
  packages = ["."]
  revision = "5420a8b6744d3b0345ab293f6fcba19c978f1183"
  version = "v2.2.1"

[solve-meta]
  analyzer-name = "dep"
  analyzer-version = 1
  inputs-digest = "c2f9761179f72ef993e24c080fa8b4f5ec77170b420e4a7e8636ec0bf386314d"
  solver-name = "gps-cdcl"
  solver-version = 1
